
Microsoft Visual Studio Solution File, Format Version 12.00
# Visual Studio Version 17
VisualStudioVersion = 17.3.32929.385
MinimumVisualStudioVersion = 10.0.40219.1
Project("{FAE04EC0-301F-11D3-BF4B-00C04F79EFBC}") = "EventsApp", "EventsApp\EventsApp.csproj", "{AB888AE6-8D95-4113-8189-A431147D4482}"
EndProject
Global
	GlobalSection(SolutionConfigurationPlatforms) = preSolution
		Debug|Any CPU = Debug|Any CPU
		Release|Any CPU = Release|Any CPU
	EndGlobalSection
	GlobalSection(ProjectConfigurationPlatforms) = postSolution
		{AB888AE6-8D95-4113-8189-A431147D4482}.Debug|Any CPU.ActiveCfg = Debug|Any CPU
		{AB888AE6-8D95-4113-8189-A431147D4482}.Debug|Any CPU.Build.0 = Debug|Any CPU
		{AB888AE6-8D95-4113-8189-A431147D4482}.Release|Any CPU.ActiveCfg = Release|Any CPU
		{AB888AE6-8D95-4113-8189-A431147D4482}.Release|Any CPU.Build.0 = Release|Any CPU
	EndGlobalSection
	GlobalSection(SolutionProperties) = preSolution
		HideSolutionNode = FALSE
	EndGlobalSection
	GlobalSection(ExtensibilityGlobals) = postSolution
		SolutionGuid = {0D49775C-CF3A-462A-AF2B-B6779D64F364}
	EndGlobalSection
EndGlobal
